
Microsoft Visual Studio Solution File, Format Version 12.00
# Visual Studio Version 16
VisualStudioVersion = 16.0.31129.286
MinimumVisualStudioVersion = 10.0.40219.1
Project("{FAE04EC0-301F-11D3-BF4B-00C04F79EFBC}") = "PsGuiExamples", "PsGuiExamples.csproj", "{342887DD-DF6B-4C90-AD5E-0BB243F219E4}"
EndProject
Global
	GlobalSection(SolutionConfigurationPlatforms) = preSolution
		Debug|Any CPU = Debug|Any CPU
		Release|Any CPU = Release|Any CPU
	EndGlobalSection
	GlobalSection(ProjectConfigurationPlatforms) = postSolution
		{342887DD-DF6B-4C90-AD5E-0BB243F219E4}.Debug|Any CPU.ActiveCfg = Debug|Any CPU
		{342887DD-DF6B-4C90-AD5E-0BB243F219E4}.Debug|Any CPU.Build.0 = Debug|Any CPU
		{342887DD-DF6B-4C90-AD5E-0BB243F219E4}.Release|Any CPU.ActiveCfg = Release|Any CPU
		{342887DD-DF6B-4C90-AD5E-0BB243F219E4}.Release|Any CPU.Build.0 = Release|Any CPU
	EndGlobalSection
	GlobalSection(SolutionProperties) = preSolution
		HideSolutionNode = FALSE
	EndGlobalSection
	GlobalSection(ExtensibilityGlobals) = postSolution
		SolutionGuid = {649135D3-E04F-4EA7-A39D-FDAFF44D6D98}
	EndGlobalSection
EndGlobal
